
Microsoft Visual Studio Solution File, Format Version 12.00
# Visual Studio Version 17
VisualStudioVersion = 17.10.35027.167
MinimumVisualStudioVersion = 10.0.40219.1
Project("{FAE04EC0-301F-11D3-BF4B-00C04F79EFBC}") = "com.initiativec.web", "com.initiativec.web\com.initiativec.web.csproj", "{3779165C-4EDE-491D-8C31-B3C4C13A727E}"
EndProject
Global
	GlobalSection(SolutionConfigurationPlatforms) = preSolution
		Debug|Any CPU = Debug|Any CPU
		Release|Any CPU = Release|Any CPU
	EndGlobalSection
	GlobalSection(ProjectConfigurationPlatforms) = postSolution
		{3779165C-4EDE-491D-8C31-B3C4C13A727E}.Debug|Any CPU.ActiveCfg = Debug|Any CPU
		{3779165C-4EDE-491D-8C31-B3C4C13A727E}.Debug|Any CPU.Build.0 = Debug|Any CPU
		{3779165C-4EDE-491D-8C31-B3C4C13A727E}.Release|Any CPU.ActiveCfg = Release|Any CPU
		{3779165C-4EDE-491D-8C31-B3C4C13A727E}.Release|Any CPU.Build.0 = Release|Any CPU
	EndGlobalSection
	GlobalSection(SolutionProperties) = preSolution
		HideSolutionNode = FALSE
	EndGlobalSection
	GlobalSection(ExtensibilityGlobals) = postSolution
		SolutionGuid = {948E83DB-0A33-4084-A80C-82D19E5AD1AF}
	EndGlobalSection
EndGlobal
